
Microsoft Visual Studio Solution File, Format Version 12.00
# Visual Studio Version 17
VisualStudioVersion = 17.3.32929.385
MinimumVisualStudioVersion = 10.0.40219.1
Project("{FAE04EC0-301F-11D3-BF4B-00C04F79EFBC}") = "HelloWorld", "HelloWorld\HelloWorld.csproj", "{A646B0D9-824E-4BB1-87B1-01B7C07FB00C}"
EndProject
Global
	GlobalSection(SolutionConfigurationPlatforms) = preSolution
		Debug|Any CPU = Debug|Any CPU
		Release|Any CPU = Release|Any CPU
	EndGlobalSection
	GlobalSection(ProjectConfigurationPlatforms) = postSolution
		{A646B0D9-824E-4BB1-87B1-01B7C07FB00C}.Debug|Any CPU.ActiveCfg = Debug|Any CPU
		{A646B0D9-824E-4BB1-87B1-01B7C07FB00C}.Debug|Any CPU.Build.0 = Debug|Any CPU
		{A646B0D9-824E-4BB1-87B1-01B7C07FB00C}.Release|Any CPU.ActiveCfg = Release|Any CPU
		{A646B0D9-824E-4BB1-87B1-01B7C07FB00C}.Release|Any CPU.Build.0 = Release|Any CPU
	EndGlobalSection
	GlobalSection(SolutionProperties) = preSolution
		HideSolutionNode = FALSE
	EndGlobalSection
	GlobalSection(ExtensibilityGlobals) = postSolution
		SolutionGuid = {89FDD2D1-E7E2-496F-90E2-1BA37839EF22}
	EndGlobalSection
EndGlobal
