
Microsoft Visual Studio Solution File, Format Version 12.00
# Visual Studio Version 17
VisualStudioVersion = 17.3.32929.385
MinimumVisualStudioVersion = 10.0.40219.1
Project("{FAE04EC0-301F-11D3-BF4B-00C04F79EFBC}") = "Understanding_Arrays", "Understanding_Arrays\Understanding_Arrays.csproj", "{2CFAA0E1-29F6-4E6D-B873-06797F9B0352}"
EndProject
Global
	GlobalSection(SolutionConfigurationPlatforms) = preSolution
		Debug|Any CPU = Debug|Any CPU
		Release|Any CPU = Release|Any CPU
	EndGlobalSection
	GlobalSection(ProjectConfigurationPlatforms) = postSolution
		{2CFAA0E1-29F6-4E6D-B873-06797F9B0352}.Debug|Any CPU.ActiveCfg = Debug|Any CPU
		{2CFAA0E1-29F6-4E6D-B873-06797F9B0352}.Debug|Any CPU.Build.0 = Debug|Any CPU
		{2CFAA0E1-29F6-4E6D-B873-06797F9B0352}.Release|Any CPU.ActiveCfg = Release|Any CPU
		{2CFAA0E1-29F6-4E6D-B873-06797F9B0352}.Release|Any CPU.Build.0 = Release|Any CPU
	EndGlobalSection
	GlobalSection(SolutionProperties) = preSolution
		HideSolutionNode = FALSE
	EndGlobalSection
	GlobalSection(ExtensibilityGlobals) = postSolution
		SolutionGuid = {3E6D8DFA-166A-4FFD-B9DB-76CB86595F18}
	EndGlobalSection
EndGlobal
