
Microsoft Visual Studio Solution File, Format Version 12.00
# Visual Studio Version 17
VisualStudioVersion = 17.3.32929.385
MinimumVisualStudioVersion = 10.0.40219.1
Project("{FAE04EC0-301F-11D3-BF4B-00C04F79EFBC}") = "DataTypes_Variables", "DataTypes_Variables\DataTypes_Variables.csproj", "{BEF8E72E-FEFC-434D-853E-17FE95BD5A50}"
EndProject
Global
	GlobalSection(SolutionConfigurationPlatforms) = preSolution
		Debug|Any CPU = Debug|Any CPU
		Release|Any CPU = Release|Any CPU
	EndGlobalSection
	GlobalSection(ProjectConfigurationPlatforms) = postSolution
		{BEF8E72E-FEFC-434D-853E-17FE95BD5A50}.Debug|Any CPU.ActiveCfg = Debug|Any CPU
		{BEF8E72E-FEFC-434D-853E-17FE95BD5A50}.Debug|Any CPU.Build.0 = Debug|Any CPU
		{BEF8E72E-FEFC-434D-853E-17FE95BD5A50}.Release|Any CPU.ActiveCfg = Release|Any CPU
		{BEF8E72E-FEFC-434D-853E-17FE95BD5A50}.Release|Any CPU.Build.0 = Release|Any CPU
	EndGlobalSection
	GlobalSection(SolutionProperties) = preSolution
		HideSolutionNode = FALSE
	EndGlobalSection
	GlobalSection(ExtensibilityGlobals) = postSolution
		SolutionGuid = {CDB5E72C-B049-4583-A7BE-211D6FE1251C}
	EndGlobalSection
EndGlobal
